// !$*UTF8*$!
{
	archiveVersion = 1;
	classes = {
	};
	objectVersion = 46;
	objects = {

/* Begin PBXBuildFile section */
		F9FE43561CE73F90006DC2E1 /* main.m in Sources */ = {isa = PBXBuildFile; fileRef = F9FE43551CE73F90006DC2E1 /* main.m */; };
		F9FE43591CE73F90006DC2E1 /* AppDelegate.m in Sources */ = {isa = PBXBuildFile; fileRef = F9FE43581CE73F90006DC2E1 /* AppDelegate.m */; };
		F9FE435C1CE73F90006DC2E1 /* ViewController.m in Sources */ = {isa = PBXBuildFile; fileRef = F9FE435B1CE73F90006DC2E1 /* ViewController.m */; };
		F9FE435F1CE73F90006DC2E1 /* Main.storyboard in Resources */ = {isa = PBXBuildFile; fileRef = F9FE435D1CE73F90006DC2E1 /* Main.storyboard */; };
		F9FE43611CE73F90006DC2E1 /* Assets.xcassets in Resources */ = {isa = PBXBuildFile; fileRef = F9FE43601CE73F90006DC2E1 /* Assets.xcassets */; };
		F9FE43641CE73F90006DC2E1 /* LaunchScreen.storyboard in Resources */ = {isa = PBXBuildFile; fileRef = F9FE43621CE73F90006DC2E1 /* LaunchScreen.storyboard */; };
		F9FE43791CE74326006DC2E1 /* Appstore-icon.png in Resources */ = {isa = PBXBuildFile; fileRef = F9FE43751CE74326006DC2E1 /* Appstore-icon.png */; };
		F9FE437A1CE74326006DC2E1 /* Calculator-icon.png in Resources */ = {isa = PBXBuildFile; fileRef = F9FE43761CE74326006DC2E1 /* Calculator-icon.png */; };
		F9FE437B1CE74326006DC2E1 /* Calendar-icon.png in Resources */ = {isa = PBXBuildFile; fileRef = F9FE43771CE74326006DC2E1 /* Calendar-icon.png */; };
		F9FE437C1CE74326006DC2E1 /* Sample-icon.png in Resources */ = {isa = PBXBuildFile; fileRef = F9FE43781CE74326006DC2E1 /* Sample-icon.png */; };
/* End PBXBuildFile section */

/* Begin PBXFileReference section */
		F9FE43511CE73F8F006DC2E1 /* InterfaceBuilderHangProof.app */ = {isa = PBXFileReference; explicitFileType = wrapper.application; includeInIndex = 0; path = InterfaceBuilderHangProof.app; sourceTree = BUILT_PRODUCTS_DIR; };
		F9FE43551CE73F90006DC2E1 /* main.m */ = {isa = PBXFileReference; lastKnownFileType = sourcecode.c.objc; path = main.m; sourceTree = "<group>"; };
		F9FE43571CE73F90006DC2E1 /* AppDelegate.h */ = {isa = PBXFileReference; lastKnownFileType = sourcecode.c.h; path = AppDelegate.h; sourceTree = "<group>"; };
		F9FE43581CE73F90006DC2E1 /* AppDelegate.m */ = {isa = PBXFileReference; lastKnownFileType = sourcecode.c.objc; path = AppDelegate.m; sourceTree = "<group>"; };
		F9FE435A1CE73F90006DC2E1 /* ViewController.h */ = {isa = PBXFileReference; lastKnownFileType = sourcecode.c.h; path = ViewController.h; sourceTree = "<group>"; };
		F9FE435B1CE73F90006DC2E1 /* ViewController.m */ = {isa = PBXFileReference; lastKnownFileType = sourcecode.c.objc; path = ViewController.m; sourceTree = "<group>"; };
		F9FE435E1CE73F90006DC2E1 /* Base */ = {isa = PBXFileReference; lastKnownFileType = file.storyboard; name = Base; path = Base.lproj/Main.storyboard; sourceTree = "<group>"; };
		F9FE43601CE73F90006DC2E1 /* Assets.xcassets */ = {isa = PBXFileReference; lastKnownFileType = folder.assetcatalog; path = Assets.xcassets; sourceTree = "<group>"; };
		F9FE43631CE73F90006DC2E1 /* Base */ = {isa = PBXFileReference; lastKnownFileType = file.storyboard; name = Base; path = Base.lproj/LaunchScreen.storyboard; sourceTree = "<group>"; };
		F9FE43651CE73F90006DC2E1 /* Info.plist */ = {isa = PBXFileReference; lastKnownFileType = text.plist.xml; path = Info.plist; sourceTree = "<group>"; };
		F9FE43751CE74326006DC2E1 /* Appstore-icon.png */ = {isa = PBXFileReference; lastKnownFileType = image.png; name = "Appstore-icon.png"; path = "Assets/Icons/Appstore-icon.png"; sourceTree = "<group>"; };
		F9FE43761CE74326006DC2E1 /* Calculator-icon.png */ = {isa = PBXFileReference; lastKnownFileType = image.png; name = "Calculator-icon.png"; path = "Assets/Icons/Calculator-icon.png"; sourceTree = "<group>"; };
		F9FE43771CE74326006DC2E1 /* Calendar-icon.png */ = {isa = PBXFileReference; lastKnownFileType = image.png; name = "Calendar-icon.png"; path = "Assets/Icons/Calendar-icon.png"; sourceTree = "<group>"; };
		F9FE43781CE74326006DC2E1 /* Sample-icon.png */ = {isa = PBXFileReference; lastKnownFileType = image.png; name = "Sample-icon.png"; path = "Assets/Icons/Sample-icon.png"; sourceTree = "<group>"; };
/* End PBXFileReference section */

/* Begin PBXFrameworksBuildPhase section */
		F9FE434E1CE73F8F006DC2E1 /* Frameworks */ = {
			isa = PBXFrameworksBuildPhase;
			buildActionMask = 2147483647;
			files = (
			);
			runOnlyForDeploymentPostprocessing = 0;
		};
/* End PBXFrameworksBuildPhase section */

/* Begin PBXGroup section */
		F9FE43481CE73F8F006DC2E1 = {
			isa = PBXGroup;
			children = (
				F9FE43531CE73F90006DC2E1 /* InterfaceBuilderHangProof */,
				F9FE43521CE73F8F006DC2E1 /* Products */,
			);
			sourceTree = "<group>";
		};
		F9FE43521CE73F8F006DC2E1 /* Products */ = {
			isa = PBXGroup;
			children = (
				F9FE43511CE73F8F006DC2E1 /* InterfaceBuilderHangProof.app */,
			);
			name = Products;
			sourceTree = "<group>";
		};
		F9FE43531CE73F90006DC2E1 /* InterfaceBuilderHangProof */ = {
			isa = PBXGroup;
			children = (
				F9FE436B1CE74018006DC2E1 /* Assets */,
				F9FE43571CE73F90006DC2E1 /* AppDelegate.h */,
				F9FE43581CE73F90006DC2E1 /* AppDelegate.m */,
				F9FE435A1CE73F90006DC2E1 /* ViewController.h */,
				F9FE435B1CE73F90006DC2E1 /* ViewController.m */,
				F9FE435D1CE73F90006DC2E1 /* Main.storyboard */,
				F9FE43601CE73F90006DC2E1 /* Assets.xcassets */,
				F9FE43621CE73F90006DC2E1 /* LaunchScreen.storyboard */,
				F9FE43651CE73F90006DC2E1 /* Info.plist */,
				F9FE43541CE73F90006DC2E1 /* Supporting Files */,
			);
			path = InterfaceBuilderHangProof;
			sourceTree = "<group>";
		};
		F9FE43541CE73F90006DC2E1 /* Supporting Files */ = {
			isa = PBXGroup;
			children = (
				F9FE43551CE73F90006DC2E1 /* main.m */,
			);
			name = "Supporting Files";
			sourceTree = "<group>";
		};
		F9FE436B1CE74018006DC2E1 /* Assets */ = {
			isa = PBXGroup;
			children = (
				F9FE436C1CE7401E006DC2E1 /* Icons */,
			);
			name = Assets;
			sourceTree = "<group>";
		};
		F9FE436C1CE7401E006DC2E1 /* Icons */ = {
			isa = PBXGroup;
			children = (
				F9FE43751CE74326006DC2E1 /* Appstore-icon.png */,
				F9FE43761CE74326006DC2E1 /* Calculator-icon.png */,
				F9FE43771CE74326006DC2E1 /* Calendar-icon.png */,
				F9FE43781CE74326006DC2E1 /* Sample-icon.png */,
			);
			name = Icons;
			sourceTree = "<group>";
		};
/* End PBXGroup section */

/* Begin PBXNativeTarget section */
		F9FE43501CE73F8F006DC2E1 /* InterfaceBuilderHangProof */ = {
			isa = PBXNativeTarget;
			buildConfigurationList = F9FE43681CE73F90006DC2E1 /* Build configuration list for PBXNativeTarget "InterfaceBuilderHangProof" */;
			buildPhases = (
				F9FE434D1CE73F8F006DC2E1 /* Sources */,
				F9FE434E1CE73F8F006DC2E1 /* Frameworks */,
				F9FE434F1CE73F8F006DC2E1 /* Resources */,
			);
			buildRules = (
			);
			dependencies = (
			);
			name = InterfaceBuilderHangProof;
			productName = InterfaceBuilderHangProof;
			productReference = F9FE43511CE73F8F006DC2E1 /* InterfaceBuilderHangProof.app */;
			productType = "com.apple.product-type.application";
		};
/* End PBXNativeTarget section */

/* Begin PBXProject section */
		F9FE43491CE73F8F006DC2E1 /* Project object */ = {
			isa = PBXProject;
			attributes = {
				LastUpgradeCheck = 0730;
				ORGANIZATIONNAME = "Steffen Langnes";
				TargetAttributes = {
					F9FE43501CE73F8F006DC2E1 = {
						CreatedOnToolsVersion = 7.3.1;
					};
				};
			};
			buildConfigurationList = F9FE434C1CE73F8F006DC2E1 /* Build configuration list for PBXProject "InterfaceBuilderHangProof" */;
			compatibilityVersion = "Xcode 3.2";
			developmentRegion = English;
			hasScannedForEncodings = 0;
			knownRegions = (
				en,
				Base,
			);
			mainGroup = F9FE43481CE73F8F006DC2E1;
			productRefGroup = F9FE43521CE73F8F006DC2E1 /* Products */;
			projectDirPath = "";
			projectRoot = "";
			targets = (
				F9FE43501CE73F8F006DC2E1 /* InterfaceBuilderHangProof */,
			);
		};
/* End PBXProject section */

/* Begin PBXResourcesBuildPhase section */
		F9FE434F1CE73F8F006DC2E1 /* Resources */ = {
			isa = PBXResourcesBuildPhase;
			buildActionMask = 2147483647;
			files = (
				F9FE43791CE74326006DC2E1 /* Appstore-icon.png in Resources */,
				F9FE437A1CE74326006DC2E1 /* Calculator-icon.png in Resources */,
				F9FE43641CE73F90006DC2E1 /* LaunchScreen.storyboard in Resources */,
				F9FE43611CE73F90006DC2E1 /* Assets.xcassets in Resources */,
				F9FE437B1CE74326006DC2E1 /* Calendar-icon.png in Resources */,
				F9FE435F1CE73F90006DC2E1 /* Main.storyboard in Resources */,
				F9FE437C1CE74326006DC2E1 /* Sample-icon.png in Resources */,
			);
			runOnlyForDeploymentPostprocessing = 0;
		};
/* End PBXResourcesBuildPhase section */

/* Begin PBXSourcesBuildPhase section */
		F9FE434D1CE73F8F006DC2E1 /* Sources */ = {
			isa = PBXSourcesBuildPhase;
			buildActionMask = 2147483647;
			files = (
				F9FE435C1CE73F90006DC2E1 /* ViewController.m in Sources */,
				F9FE43591CE73F90006DC2E1 /* AppDelegate.m in Sources */,
				F9FE43561CE73F90006DC2E1 /* main.m in Sources */,
			);
			runOnlyForDeploymentPostprocessing = 0;
		};
/* End PBXSourcesBuildPhase section */

/* Begin PBXVariantGroup section */
		F9FE435D1CE73F90006DC2E1 /* Main.storyboard */ = {
			isa = PBXVariantGroup;
			children = (
				F9FE435E1CE73F90006DC2E1 /* Base */,
			);
			name = Main.storyboard;
			sourceTree = "<group>";
		};
		F9FE43621CE73F90006DC2E1 /* LaunchScreen.storyboard */ = {
			isa = PBXVariantGroup;
			children = (
				F9FE43631CE73F90006DC2E1 /* Base */,
			);
			name = LaunchScreen.storyboard;
			sourceTree = "<group>";
		};
/* End PBXVariantGroup section */

/* Begin XCBuildConfiguration section */
		F9FE43661CE73F90006DC2E1 /* Debug */ = {
			isa = XCBuildConfiguration;
			buildSettings = {
				ALWAYS_SEARCH_USER_PATHS = NO;
				CLANG_ANALYZER_NONNULL = YES;
				CLANG_CXX_LANGUAGE_STANDARD = "gnu++0x";
				CLANG_CXX_LIBRARY = "libc++";
				CLANG_ENABLE_MODULES = YES;
				CLANG_ENABLE_OBJC_ARC = YES;
				CLANG_WARN_BOOL_CONVERSION = YES;
				CLANG_WARN_CONSTANT_CONVERSION = YES;
				CLANG_WARN_DIRECT_OBJC_ISA_USAGE = YES_ERROR;
				CLANG_WARN_EMPTY_BODY = YES;
				CLANG_WARN_ENUM_CONVERSION = YES;
				CLANG_WARN_INT_CONVERSION = YES;
				CLANG_WARN_OBJC_ROOT_CLASS = YES_ERROR;
				CLANG_WARN_UNREACHABLE_CODE = YES;
				CLANG_WARN__DUPLICATE_METHOD_MATCH = YES;
				"CODE_SIGN_IDENTITY[sdk=iphoneos*]" = "iPhone Developer";
				COPY_PHASE_STRIP = NO;
				DEBUG_INFORMATION_FORMAT = dwarf;
				ENABLE_STRICT_OBJC_MSGSEND = YES;
				ENABLE_TESTABILITY = YES;
				GCC_C_LANGUAGE_STANDARD = gnu99;
				GCC_DYNAMIC_NO_PIC = NO;
				GCC_NO_COMMON_BLOCKS = YES;
				GCC_OPTIMIZATION_LEVEL = 0;
				GCC_PREPROCESSOR_DEFINITIONS = (
					"DEBUG=1",
					"$(inherited)",
				);
				GCC_WARN_64_TO_32_BIT_CONVERSION = YES;
				GCC_WARN_ABOUT_RETURN_TYPE = YES_ERROR;
				GCC_WARN_UNDECLARED_SELECTOR = YES;
				GCC_WARN_UNINITIALIZED_AUTOS = YES_AGGRESSIVE;
				GCC_WARN_UNUSED_FUNCTION = YES;
				GCC_WARN_UNUSED_VARIABLE = YES;
				IPHONEOS_DEPLOYMENT_TARGET = 9.3;
				MTL_ENABLE_DEBUG_INFO = YES;
				ONLY_ACTIVE_ARCH = YES;
				SDKROOT = iphoneos;
				TARGETED_DEVICE_FAMILY = "1,2";
			};
			name = Debug;
		};
		F9FE43671CE73F90006DC2E1 /* Release */ = {
			isa = XCBuildConfiguration;
			buildSettings = {
				ALWAYS_SEARCH_USER_PATHS = NO;
				CLANG_ANALYZER_NONNULL = YES;
				CLANG_CXX_LANGUAGE_STANDARD = "gnu++0x";
				CLANG_CXX_LIBRARY = "libc++";
				CLANG_ENABLE_MODULES = YES;
				CLANG_ENABLE_OBJC_ARC = YES;
				CLANG_WARN_BOOL_CONVERSION = YES;
				CLANG_WARN_CONSTANT_CONVERSION = YES;
				CLANG_WARN_DIRECT_OBJC_ISA_USAGE = YES_ERROR;
				CLANG_WARN_EMPTY_BODY = YES;
				CLANG_WARN_ENUM_CONVERSION = YES;
				CLANG_WARN_INT_CONVERSION = YES;
				CLANG_WARN_OBJC_ROOT_CLASS = YES_ERROR;
				CLANG_WARN_UNREACHABLE_CODE = YES;
				CLANG_WARN__DUPLICATE_METHOD_MATCH = YES;
				"CODE_SIGN_IDENTITY[sdk=iphoneos*]" = "iPhone Developer";
				COPY_PHASE_STRIP = NO;
				DEBUG_INFORMATION_FORMAT = "dwarf-with-dsym";
				ENABLE_NS_ASSERTIONS = NO;
				ENABLE_STRICT_OBJC_MSGSEND = YES;
				GCC_C_LANGUAGE_STANDARD = gnu99;
				GCC_NO_COMMON_BLOCKS = YES;
				GCC_WARN_64_TO_32_BIT_CONVERSION = YES;
				GCC_WARN_ABOUT_RETURN_TYPE = YES_ERROR;
				GCC_WARN_UNDECLARED_SELECTOR = YES;
				GCC_WARN_UNINITIALIZED_AUTOS = YES_AGGRESSIVE;
				GCC_WARN_UNUSED_FUNCTION = YES;
				GCC_WARN_UNUSED_VARIABLE = YES;
				IPHONEOS_DEPLOYMENT_TARGET = 9.3;
				MTL_ENABLE_DEBUG_INFO = NO;
				SDKROOT = iphoneos;
				TARGETED_DEVICE_FAMILY = "1,2";
				VALIDATE_PRODUCT = YES;
			};
			name = Release;
		};
		F9FE43691CE73F90006DC2E1 /* Debug */ = {
			isa = XCBuildConfiguration;
			buildSettings = {
				ASSETCATALOG_COMPILER_APPICON_NAME = AppIcon;
				INFOPLIST_FILE = InterfaceBuilderHangProof/Info.plist;
				LD_RUNPATH_SEARCH_PATHS = "$(inherited) @executable_path/Frameworks";
				PRODUCT_BUNDLE_IDENTIFIER = com.steffenl.InterfaceBuilderHangProof;
				PRODUCT_NAME = "$(TARGET_NAME)";
			};
			name = Debug;
		};
		F9FE436A1CE73F90006DC2E1 /* Release */ = {
			isa = XCBuildConfiguration;
			buildSettings = {
				ASSETCATALOG_COMPILER_APPICON_NAME = AppIcon;
				INFOPLIST_FILE = InterfaceBuilderHangProof/Info.plist;
				LD_RUNPATH_SEARCH_PATHS = "$(inherited) @executable_path/Frameworks";
				PRODUCT_BUNDLE_IDENTIFIER = com.steffenl.InterfaceBuilderHangProof;
				PRODUCT_NAME = "$(TARGET_NAME)";
			};
			name = Release;
		};
/* End XCBuildConfiguration section */

/* Begin XCConfigurationList section */
		F9FE434C1CE73F8F006DC2E1 /* Build configuration list for PBXProject "InterfaceBuilderHangProof" */ = {
			isa = XCConfigurationList;
			buildConfigurations = (
				F9FE43661CE73F90006DC2E1 /* Debug */,
				F9FE43671CE73F90006DC2E1 /* Release */,
			);
			defaultConfigurationIsVisible = 0;
			defaultConfigurationName = Release;
		};
		F9FE43681CE73F90006DC2E1 /* Build configuration list for PBXNativeTarget "InterfaceBuilderHangProof" */ = {
			isa = XCConfigurationList;
			buildConfigurations = (
				F9FE43691CE73F90006DC2E1 /* Debug */,
				F9FE436A1CE73F90006DC2E1 /* Release */,
			);
			defaultConfigurationIsVisible = 0;
		};
/* End XCConfigurationList section */
	};
	rootObject = F9FE43491CE73F8F006DC2E1 /* Project object */;
}
